dependencies:
- name: headlamp
  repository: https://kubernetes-sigs.github.io/headlamp/
  version: 0.38.0
- name: gluon
  repository: oci://registry1.dso.mil/bigbang
  version: 0.9.6
digest: sha256:4e0e1139bf1231f2e851ec1cb25ca34a8855d4f5502de02afec2f1a30e4e9f6a
generated: "2025-11-12T07:11:41.458930551Z"
